
Microsoft Visual Studio Solution File, Format Version 12.00
# Visual Studio Version 16
VisualStudioVersion = 16.0.30907.101
MinimumVisualStudioVersion = 10.0.40219.1
Project("{FAE04EC0-301F-11D3-BF4B-00C04F79EFBC}") = "SlimesAndMarket", "SlimesAndMarket\SlimesAndMarket.csproj", "{BACE57A1-6B45-4151-99FC-FEB18C095CC2}"
EndProject
Global
	GlobalSection(SolutionConfigurationPlatforms) = preSolution
		Debug|Any CPU = Debug|Any CPU
		Release|Any CPU = Release|Any CPU
	EndGlobalSection
	GlobalSection(ProjectConfigurationPlatforms) = postSolution
		{BACE57A1-6B45-4151-99FC-FEB18C095CC2}.Debug|Any CPU.ActiveCfg = Debug|Any CPU
		{BACE57A1-6B45-4151-99FC-FEB18C095CC2}.Debug|Any CPU.Build.0 = Debug|Any CPU
		{BACE57A1-6B45-4151-99FC-FEB18C095CC2}.Release|Any CPU.ActiveCfg = Release|Any CPU
		{BACE57A1-6B45-4151-99FC-FEB18C095CC2}.Release|Any CPU.Build.0 = Release|Any CPU
	EndGlobalSection
	GlobalSection(SolutionProperties) = preSolution
		HideSolutionNode = FALSE
	EndGlobalSection
	GlobalSection(ExtensibilityGlobals) = postSolution
		SolutionGuid = {AC520A64-8FD1-458B-80BD-B3493AD2E83E}
	EndGlobalSection
EndGlobal
